
Microsoft Visual Studio Solution File, Format Version 12.00
# Visual Studio Version 16
VisualStudioVersion = 16.0.32228.343
MinimumVisualStudioVersion = 10.0.40219.1
Project("{FAE04EC0-301F-11D3-BF4B-00C04F79EFBC}") = "GuaniloChamochumbi_T3", "GuaniloChamochumbi_T3\GuaniloChamochumbi_T3.csproj", "{678A2C37-4F73-4794-90B9-D326FA3473E8}"
EndProject
Global
	GlobalSection(SolutionConfigurationPlatforms) = preSolution
		Debug|Any CPU = Debug|Any CPU
		Release|Any CPU = Release|Any CPU
	EndGlobalSection
	GlobalSection(ProjectConfigurationPlatforms) = postSolution
		{678A2C37-4F73-4794-90B9-D326FA3473E8}.Debug|Any CPU.ActiveCfg = Debug|Any CPU
		{678A2C37-4F73-4794-90B9-D326FA3473E8}.Debug|Any CPU.Build.0 = Debug|Any CPU
		{678A2C37-4F73-4794-90B9-D326FA3473E8}.Release|Any CPU.ActiveCfg = Release|Any CPU
		{678A2C37-4F73-4794-90B9-D326FA3473E8}.Release|Any CPU.Build.0 = Release|Any CPU
	EndGlobalSection
	GlobalSection(SolutionProperties) = preSolution
		HideSolutionNode = FALSE
	EndGlobalSection
	GlobalSection(ExtensibilityGlobals) = postSolution
		SolutionGuid = {10E11227-2235-46A4-A50B-F6A544F50E56}
	EndGlobalSection
EndGlobal
